
Microsoft Visual Studio Solution File, Format Version 12.00
# Visual Studio Version 16
VisualStudioVersion = 16.0.31205.134
MinimumVisualStudioVersion = 10.0.40219.1
Project("{FAE04EC0-301F-11D3-BF4B-00C04F79EFBC}") = "Laboratorio03.Android", "Laboratorio03.Android\Laboratorio03.Android.csproj", "{3F197689-D31A-40A6-B7B6-2E4CF05A3714}"
EndProject
Project("{FAE04EC0-301F-11D3-BF4B-00C04F79EFBC}") = "Laboratorio03.iOS", "Laboratorio03.iOS\Laboratorio03.iOS.csproj", "{537F4280-345A-4AF6-A5CC-223E5B31B9FB}"
EndProject
Project("{9A19103F-16F7-4668-BE54-9A1E7A4F7556}") = "Laboratorio03", "Laboratorio03\Laboratorio03.csproj", "{F879D55A-0661-41A2-A895-0E4379142F33}"
EndProject
Global
	GlobalSection(SolutionConfigurationPlatforms) = preSolution
		Debug|Any CPU = Debug|Any CPU
		Debug|iPhone = Debug|iPhone
		Debug|iPhoneSimulator = Debug|iPhoneSimulator
		Release|Any CPU = Release|Any CPU
		Release|iPhone = Release|iPhone
		Release|iPhoneSimulator = Release|iPhoneSimulator
	EndGlobalSection
	GlobalSection(ProjectConfigurationPlatforms) = postSolution
		{3F197689-D31A-40A6-B7B6-2E4CF05A3714}.Debug|Any CPU.ActiveCfg = Debug|Any CPU
		{3F197689-D31A-40A6-B7B6-2E4CF05A3714}.Debug|Any CPU.Build.0 = Debug|Any CPU
		{3F197689-D31A-40A6-B7B6-2E4CF05A3714}.Debug|Any CPU.Deploy.0 = Debug|Any CPU
		{3F197689-D31A-40A6-B7B6-2E4CF05A3714}.Debug|iPhone.ActiveCfg = Debug|Any CPU
		{3F197689-D31A-40A6-B7B6-2E4CF05A3714}.Debug|iPhone.Build.0 = Debug|Any CPU
		{3F197689-D31A-40A6-B7B6-2E4CF05A3714}.Debug|iPhone.Deploy.0 = Debug|Any CPU
		{3F197689-D31A-40A6-B7B6-2E4CF05A3714}.Debug|iPhoneSimulator.ActiveCfg = Debug|Any CPU
		{3F197689-D31A-40A6-B7B6-2E4CF05A3714}.Debug|iPhoneSimulator.Build.0 = Debug|Any CPU
		{3F197689-D31A-40A6-B7B6-2E4CF05A3714}.Debug|iPhoneSimulator.Deploy.0 = Debug|Any CPU
		{3F197689-D31A-40A6-B7B6-2E4CF05A3714}.Release|Any CPU.ActiveCfg = Release|Any CPU
		{3F197689-D31A-40A6-B7B6-2E4CF05A3714}.Release|Any CPU.Build.0 = Release|Any CPU
		{3F197689-D31A-40A6-B7B6-2E4CF05A3714}.Release|Any CPU.Deploy.0 = Release|Any CPU
		{3F197689-D31A-40A6-B7B6-2E4CF05A3714}.Release|iPhone.ActiveCfg = Release|Any CPU
		{3F197689-D31A-40A6-B7B6-2E4CF05A3714}.Release|iPhone.Build.0 = Release|Any CPU
		{3F197689-D31A-40A6-B7B6-2E4CF05A3714}.Release|iPhone.Deploy.0 = Release|Any CPU
		{3F197689-D31A-40A6-B7B6-2E4CF05A3714}.Release|iPhoneSimulator.ActiveCfg = Release|Any CPU
		{3F197689-D31A-40A6-B7B6-2E4CF05A3714}.Release|iPhoneSimulator.Build.0 = Release|Any CPU
		{3F197689-D31A-40A6-B7B6-2E4CF05A3714}.Release|iPhoneSimulator.Deploy.0 = Release|Any CPU
		{537F4280-345A-4AF6-A5CC-223E5B31B9FB}.Debug|Any CPU.ActiveCfg = Debug|iPhone
		{537F4280-345A-4AF6-A5CC-223E5B31B9FB}.Debug|Any CPU.Build.0 = Debug|iPhone
		{537F4280-345A-4AF6-A5CC-223E5B31B9FB}.Debug|Any CPU.Deploy.0 = Debug|iPhone
		{537F4280-345A-4AF6-A5CC-223E5B31B9FB}.Debug|iPhone.ActiveCfg = Debug|iPhone
		{537F4280-345A-4AF6-A5CC-223E5B31B9FB}.Debug|iPhone.Build.0 = Debug|iPhone
		{537F4280-345A-4AF6-A5CC-223E5B31B9FB}.Debug|iPhone.Deploy.0 = Debug|iPhone
		{537F4280-345A-4AF6-A5CC-223E5B31B9FB}.Debug|iPhoneSimulator.ActiveCfg = Debug|iPhoneSimulator
		{537F4280-345A-4AF6-A5CC-223E5B31B9FB}.Debug|iPhoneSimulator.Build.0 = Debug|iPhoneSimulator
		{537F4280-345A-4AF6-A5CC-223E5B31B9FB}.Debug|iPhoneSimulator.Deploy.0 = Debug|iPhoneSimulator
		{537F4280-345A-4AF6-A5CC-223E5B31B9FB}.Release|Any CPU.ActiveCfg = Release|iPhoneSimulator
		{537F4280-345A-4AF6-A5CC-223E5B31B9FB}.Release|Any CPU.Build.0 = Release|iPhoneSimulator
		{537F4280-345A-4AF6-A5CC-223E5B31B9FB}.Release|Any CPU.Deploy.0 = Release|iPhoneSimulator
		{537F4280-345A-4AF6-A5CC-223E5B31B9FB}.Release|iPhone.ActiveCfg = Release|iPhone
		{537F4280-345A-4AF6-A5CC-223E5B31B9FB}.Release|iPhone.Build.0 = Release|iPhone
		{537F4280-345A-4AF6-A5CC-223E5B31B9FB}.Release|iPhone.Deploy.0 = Release|iPhone
		{537F4280-345A-4AF6-A5CC-223E5B31B9FB}.Release|iPhoneSimulator.ActiveCfg = Release|iPhoneSimulator
		{537F4280-345A-4AF6-A5CC-223E5B31B9FB}.Release|iPhoneSimulator.Build.0 = Release|iPhoneSimulator
		{537F4280-345A-4AF6-A5CC-223E5B31B9FB}.Release|iPhoneSimulator.Deploy.0 = Release|iPhoneSimulator
		{F879D55A-0661-41A2-A895-0E4379142F33}.Debug|Any CPU.ActiveCfg = Debug|Any CPU
		{F879D55A-0661-41A2-A895-0E4379142F33}.Debug|Any CPU.Build.0 = Debug|Any CPU
		{F879D55A-0661-41A2-A895-0E4379142F33}.Debug|Any CPU.Deploy.0 = Debug|Any CPU
		{F879D55A-0661-41A2-A895-0E4379142F33}.Debug|iPhone.ActiveCfg = Debug|Any CPU
		{F879D55A-0661-41A2-A895-0E4379142F33}.Debug|iPhone.Build.0 = Debug|Any CPU
		{F879D55A-0661-41A2-A895-0E4379142F33}.Debug|iPhone.Deploy.0 = Debug|Any CPU
		{F879D55A-0661-41A2-A895-0E4379142F33}.Debug|iPhoneSimulator.ActiveCfg = Debug|Any CPU
		{F879D55A-0661-41A2-A895-0E4379142F33}.Debug|iPhoneSimulator.Build.0 = Debug|Any CPU
		{F879D55A-0661-41A2-A895-0E4379142F33}.Debug|iPhoneSimulator.Deploy.0 = Debug|Any CPU
		{F879D55A-0661-41A2-A895-0E4379142F33}.Release|Any CPU.ActiveCfg = Release|Any CPU
		{F879D55A-0661-41A2-A895-0E4379142F33}.Release|Any CPU.Build.0 = Release|Any CPU
		{F879D55A-0661-41A2-A895-0E4379142F33}.Release|Any CPU.Deploy.0 = Release|Any CPU
		{F879D55A-0661-41A2-A895-0E4379142F33}.Release|iPhone.ActiveCfg = Release|Any CPU
		{F879D55A-0661-41A2-A895-0E4379142F33}.Release|iPhone.Build.0 = Release|Any CPU
		{F879D55A-0661-41A2-A895-0E4379142F33}.Release|iPhone.Deploy.0 = Release|Any CPU
		{F879D55A-0661-41A2-A895-0E4379142F33}.Release|iPhoneSimulator.ActiveCfg = Release|Any CPU
		{F879D55A-0661-41A2-A895-0E4379142F33}.Release|iPhoneSimulator.Build.0 = Release|Any CPU
		{F879D55A-0661-41A2-A895-0E4379142F33}.Release|iPhoneSimulator.Deploy.0 = Release|Any CPU
	EndGlobalSection
	GlobalSection(SolutionProperties) = preSolution
		HideSolutionNode = FALSE
	EndGlobalSection
	GlobalSection(ExtensibilityGlobals) = postSolution
		SolutionGuid = {14510889-8787-4519-9275-86D13C019870}
	EndGlobalSection
EndGlobal
